
Microsoft Visual Studio Solution File, Format Version 12.00
# Visual Studio Version 16
VisualStudioVersion = 16.0.30804.86
MinimumVisualStudioVersion = 10.0.40219.1
Project("{FAE04EC0-301F-11D3-BF4B-00C04F79EFBC}") = "ProjectWorkshop4–CMPP248-Group4", "ProjectWorkshop4–CMPP248-Group4\ProjectWorkshop4–CMPP248-Group4.csproj", "{12E4ABBF-70D5-4AC2-8913-C82ECFD6CAD1}"
EndProject
Project("{FAE04EC0-301F-11D3-BF4B-00C04F79EFBC}") = "PackagesData", "PackagesData\PackagesData.csproj", "{D5EB3C35-EF73-454C-A70A-A47437C4C0E5}"
EndProject
Project("{FAE04EC0-301F-11D3-BF4B-00C04F79EFBC}") = "ProductsData", "ProductsData\ProductsData.csproj", "{BB656ACD-F4D1-47C7-B955-B94D7B442739}"
EndProject
Project("{FAE04EC0-301F-11D3-BF4B-00C04F79EFBC}") = "Products_SuppliersData", "Products_SuppliersData\Products_SuppliersData.csproj", "{0DA30835-B096-45AA-A599-E8D62B54CE40}"
EndProject
Project("{FAE04EC0-301F-11D3-BF4B-00C04F79EFBC}") = "SuppliersData", "SuppliersData\SuppliersData.csproj", "{DE7E5E95-605F-4E80-B47F-FC180A51B47A}"
EndProject
Project("{FAE04EC0-301F-11D3-BF4B-00C04F79EFBC}") = "Packages_Products_SuppliersData", "Packages_Products_SuppliersData\Packages_Products_SuppliersData.csproj", "{3D17E4EF-E7D3-49F6-B6CE-470F9EB70494}"
EndProject
Project("{FAE04EC0-301F-11D3-BF4B-00C04F79EFBC}") = "AgentsAgenciesData", "ClassLibrary2\AgentsAgenciesData.csproj", "{824B9DFE-39C6-42C0-941A-9D8D9175A464}"
EndProject
Project("{FAE04EC0-301F-11D3-BF4B-00C04F79EFBC}") = "ProjectWorkshop4–CMPP248-Group4Tests", "ProjectWorkshop4–CMPP248-Group4Tests\ProjectWorkshop4–CMPP248-Group4Tests.csproj", "{3B6CA84E-DF23-471D-A154-D08CD7065D85}"
EndProject
Global
	GlobalSection(SolutionConfigurationPlatforms) = preSolution
		Debug|Any CPU = Debug|Any CPU
		Release|Any CPU = Release|Any CPU
	EndGlobalSection
	GlobalSection(ProjectConfigurationPlatforms) = postSolution
		{12E4ABBF-70D5-4AC2-8913-C82ECFD6CAD1}.Debug|Any CPU.ActiveCfg = Debug|Any CPU
		{12E4ABBF-70D5-4AC2-8913-C82ECFD6CAD1}.Debug|Any CPU.Build.0 = Debug|Any CPU
		{12E4ABBF-70D5-4AC2-8913-C82ECFD6CAD1}.Release|Any CPU.ActiveCfg = Release|Any CPU
		{12E4ABBF-70D5-4AC2-8913-C82ECFD6CAD1}.Release|Any CPU.Build.0 = Release|Any CPU
		{D5EB3C35-EF73-454C-A70A-A47437C4C0E5}.Debug|Any CPU.ActiveCfg = Debug|Any CPU
		{D5EB3C35-EF73-454C-A70A-A47437C4C0E5}.Debug|Any CPU.Build.0 = Debug|Any CPU
		{D5EB3C35-EF73-454C-A70A-A47437C4C0E5}.Release|Any CPU.ActiveCfg = Release|Any CPU
		{D5EB3C35-EF73-454C-A70A-A47437C4C0E5}.Release|Any CPU.Build.0 = Release|Any CPU
		{BB656ACD-F4D1-47C7-B955-B94D7B442739}.Debug|Any CPU.ActiveCfg = Debug|Any CPU
		{BB656ACD-F4D1-47C7-B955-B94D7B442739}.Debug|Any CPU.Build.0 = Debug|Any CPU
		{BB656ACD-F4D1-47C7-B955-B94D7B442739}.Release|Any CPU.ActiveCfg = Release|Any CPU
		{BB656ACD-F4D1-47C7-B955-B94D7B442739}.Release|Any CPU.Build.0 = Release|Any CPU
		{0DA30835-B096-45AA-A599-E8D62B54CE40}.Debug|Any CPU.ActiveCfg = Debug|Any CPU
		{0DA30835-B096-45AA-A599-E8D62B54CE40}.Debug|Any CPU.Build.0 = Debug|Any CPU
		{0DA30835-B096-45AA-A599-E8D62B54CE40}.Release|Any CPU.ActiveCfg = Release|Any CPU
		{0DA30835-B096-45AA-A599-E8D62B54CE40}.Release|Any CPU.Build.0 = Release|Any CPU
		{DE7E5E95-605F-4E80-B47F-FC180A51B47A}.Debug|Any CPU.ActiveCfg = Debug|Any CPU
		{DE7E5E95-605F-4E80-B47F-FC180A51B47A}.Debug|Any CPU.Build.0 = Debug|Any CPU
		{DE7E5E95-605F-4E80-B47F-FC180A51B47A}.Release|Any CPU.ActiveCfg = Release|Any CPU
		{DE7E5E95-605F-4E80-B47F-FC180A51B47A}.Release|Any CPU.Build.0 = Release|Any CPU
		{3D17E4EF-E7D3-49F6-B6CE-470F9EB70494}.Debug|Any CPU.ActiveCfg = Debug|Any CPU
		{3D17E4EF-E7D3-49F6-B6CE-470F9EB70494}.Debug|Any CPU.Build.0 = Debug|Any CPU
		{3D17E4EF-E7D3-49F6-B6CE-470F9EB70494}.Release|Any CPU.ActiveCfg = Release|Any CPU
		{3D17E4EF-E7D3-49F6-B6CE-470F9EB70494}.Release|Any CPU.Build.0 = Release|Any CPU
		{824B9DFE-39C6-42C0-941A-9D8D9175A464}.Debug|Any CPU.ActiveCfg = Debug|Any CPU
		{824B9DFE-39C6-42C0-941A-9D8D9175A464}.Debug|Any CPU.Build.0 = Debug|Any CPU
		{824B9DFE-39C6-42C0-941A-9D8D9175A464}.Release|Any CPU.ActiveCfg = Release|Any CPU
		{824B9DFE-39C6-42C0-941A-9D8D9175A464}.Release|Any CPU.Build.0 = Release|Any CPU
		{3B6CA84E-DF23-471D-A154-D08CD7065D85}.Debug|Any CPU.ActiveCfg = Debug|Any CPU
		{3B6CA84E-DF23-471D-A154-D08CD7065D85}.Debug|Any CPU.Build.0 = Debug|Any CPU
		{3B6CA84E-DF23-471D-A154-D08CD7065D85}.Release|Any CPU.ActiveCfg = Release|Any CPU
		{3B6CA84E-DF23-471D-A154-D08CD7065D85}.Release|Any CPU.Build.0 = Release|Any CPU
	EndGlobalSection
	GlobalSection(SolutionProperties) = preSolution
		HideSolutionNode = FALSE
	EndGlobalSection
	GlobalSection(ExtensibilityGlobals) = postSolution
		SolutionGuid = {78482001-A65E-45B9-BBC7-8080B89690C6}
	EndGlobalSection
EndGlobal
